
Microsoft Visual Studio Solution File, Format Version 12.00
# Visual Studio 2013
VisualStudioVersion = 12.0.31101.0
MinimumVisualStudioVersion = 10.0.40219.1
Project("{FAE04EC0-301F-11D3-BF4B-00C04F79EFBC}") = "DALClassess", "DALClassess\DALClassess.csproj", "{0728CFBA-C1F5-457F-BF8F-63BE3BEBD43E}"
EndProject
Project("{FAE04EC0-301F-11D3-BF4B-00C04F79EFBC}") = "ECC_App", "ECC_App\ECC_App.csproj", "{7ECB9C36-686F-45B4-8A0C-F71319936046}"
EndProject
Global
	GlobalSection(SolutionConfigurationPlatforms) = preSolution
		Debug|Any CPU = Debug|Any CPU
		Release|Any CPU = Release|Any CPU
	EndGlobalSection
	GlobalSection(ProjectConfigurationPlatforms) = postSolution
		{0728CFBA-C1F5-457F-BF8F-63BE3BEBD43E}.Debug|Any CPU.ActiveCfg = Debug|Any CPU
		{0728CFBA-C1F5-457F-BF8F-63BE3BEBD43E}.Debug|Any CPU.Build.0 = Debug|Any CPU
		{0728CFBA-C1F5-457F-BF8F-63BE3BEBD43E}.Release|Any CPU.ActiveCfg = Release|Any CPU
		{0728CFBA-C1F5-457F-BF8F-63BE3BEBD43E}.Release|Any CPU.Build.0 = Release|Any CPU
		{7ECB9C36-686F-45B4-8A0C-F71319936046}.Debug|Any CPU.ActiveCfg = Debug|Any CPU
		{7ECB9C36-686F-45B4-8A0C-F71319936046}.Debug|Any CPU.Build.0 = Debug|Any CPU
		{7ECB9C36-686F-45B4-8A0C-F71319936046}.Release|Any CPU.ActiveCfg = Release|Any CPU
		{7ECB9C36-686F-45B4-8A0C-F71319936046}.Release|Any CPU.Build.0 = Release|Any CPU
	EndGlobalSection
	GlobalSection(SolutionProperties) = preSolution
		HideSolutionNode = FALSE
	EndGlobalSection
EndGlobal
